
Microsoft Visual Studio Solution File, Format Version 12.00
# Visual Studio Version 17
VisualStudioVersion = 17.8.34330.188
MinimumVisualStudioVersion = 10.0.40219.1
Project("{FAE04EC0-301F-11D3-BF4B-00C04F79EFBC}") = "MetricsManager", "MetricsManger\MetricsManager.csproj", "{D3165D60-0160-410D-BA05-CAB5C4AE902E}"
EndProject
Global
	GlobalSection(SolutionConfigurationPlatforms) = preSolution
		Debug|Any CPU = Debug|Any CPU
		Release|Any CPU = Release|Any CPU
	EndGlobalSection
	GlobalSection(ProjectConfigurationPlatforms) = postSolution
		{D3165D60-0160-410D-BA05-CAB5C4AE902E}.Debug|Any CPU.ActiveCfg = Debug|Any CPU
		{D3165D60-0160-410D-BA05-CAB5C4AE902E}.Debug|Any CPU.Build.0 = Debug|Any CPU
		{D3165D60-0160-410D-BA05-CAB5C4AE902E}.Release|Any CPU.ActiveCfg = Release|Any CPU
		{D3165D60-0160-410D-BA05-CAB5C4AE902E}.Release|Any CPU.Build.0 = Release|Any CPU
	EndGlobalSection
	GlobalSection(SolutionProperties) = preSolution
		HideSolutionNode = FALSE
	EndGlobalSection
	GlobalSection(ExtensibilityGlobals) = postSolution
		SolutionGuid = {F0F6474B-52C7-4E6C-A0BE-87D7F451196F}
	EndGlobalSection
EndGlobal
